// !$*UTF8*$!
{
	archiveVersion = 1;
	classes = {
	};
	objectVersion = 46;
	objects = {

/* Begin PBXBuildFile section */
		4B4196721F3AA36A009521D8 /* main.m in Sources */ = {isa = PBXBuildFile; fileRef = 4B4196711F3AA36A009521D8 /* main.m */; };
		4B4196751F3AA36A009521D8 /* AppDelegate.m in Sources */ = {isa = PBXBuildFile; fileRef = 4B4196741F3AA36A009521D8 /* AppDelegate.m */; };
		4B4196781F3AA36A009521D8 /* ViewController.m in Sources */ = {isa = PBXBuildFile; fileRef = 4B4196771F3AA36A009521D8 /* ViewController.m */; };
		4B41967B1F3AA36A009521D8 /* Main.storyboard in Resources */ = {isa = PBXBuildFile; fileRef = 4B4196791F3AA36A009521D8 /* Main.storyboard */; };
		4B41967D1F3AA36A009521D8 /* Assets.xcassets in Resources */ = {isa = PBXBuildFile; fileRef = 4B41967C1F3AA36A009521D8 /* Assets.xcassets */; };
		4B4196801F3AA36A009521D8 /* LaunchScreen.storyboard in Resources */ = {isa = PBXBuildFile; fileRef = 4B41967E1F3AA36A009521D8 /* LaunchScreen.storyboard */; };
		4B4196FF1F3AE564009521D8 /* FirstViewController.m in Sources */ = {isa = PBXBuildFile; fileRef = 4B4196FE1F3AE564009521D8 /* FirstViewController.m */; };
		4B4197021F3AE67A009521D8 /* FirstView.m in Sources */ = {isa = PBXBuildFile; fileRef = 4B4197011F3AE67A009521D8 /* FirstView.m */; };
		4B4197061F3AEA5E009521D8 /* SecondViewController.m in Sources */ = {isa = PBXBuildFile; fileRef = 4B4197051F3AEA5E009521D8 /* SecondViewController.m */; };
		4B4197091F3AEA96009521D8 /* SecondView.m in Sources */ = {isa = PBXBuildFile; fileRef = 4B4197081F3AEA96009521D8 /* SecondView.m */; };
		4B41970B1F3AF05A009521D8 /* QRCodeScanLine@2x.png in Resources */ = {isa = PBXBuildFile; fileRef = 4B41970A1F3AF05A009521D8 /* QRCodeScanLine@2x.png */; };
		4B41970E1F3AF93A009521D8 /* ScanCodeViewController.m in Sources */ = {isa = PBXBuildFile; fileRef = 4B41970D1F3AF93A009521D8 /* ScanCodeViewController.m */; };
		4B4197111F3B0ADC009521D8 /* ThirdViewController.m in Sources */ = {isa = PBXBuildFile; fileRef = 4B4197101F3B0ADC009521D8 /* ThirdViewController.m */; };
		4B4197141F3B0AF1009521D8 /* ThirdView.m in Sources */ = {isa = PBXBuildFile; fileRef = 4B4197131F3B0AF1009521D8 /* ThirdView.m */; };
/* End PBXBuildFile section */

/* Begin PBXFileReference section */
		4B41966D1F3AA36A009521D8 /* ScanCodeDemo.app */ = {isa = PBXFileReference; explicitFileType = wrapper.application; includeInIndex = 0; path = ScanCodeDemo.app; sourceTree = BUILT_PRODUCTS_DIR; };
		4B4196711F3AA36A009521D8 /* main.m */ = {isa = PBXFileReference; lastKnownFileType = sourcecode.c.objc; path = main.m; sourceTree = "<group>"; };
		4B4196731F3AA36A009521D8 /* AppDelegate.h */ = {isa = PBXFileReference; lastKnownFileType = sourcecode.c.h; path = AppDelegate.h; sourceTree = "<group>"; };
		4B4196741F3AA36A009521D8 /* AppDelegate.m */ = {isa = PBXFileReference; lastKnownFileType = sourcecode.c.objc; path = AppDelegate.m; sourceTree = "<group>"; };
		4B4196761F3AA36A009521D8 /* ViewController.h */ = {isa = PBXFileReference; lastKnownFileType = sourcecode.c.h; path = ViewController.h; sourceTree = "<group>"; };
		4B4196771F3AA36A009521D8 /* ViewController.m */ = {isa = PBXFileReference; lastKnownFileType = sourcecode.c.objc; path = ViewController.m; sourceTree = "<group>"; };
		4B41967A1F3AA36A009521D8 /* Base */ = {isa = PBXFileReference; lastKnownFileType = file.storyboard; name = Base; path = Base.lproj/Main.storyboard; sourceTree = "<group>"; };
		4B41967C1F3AA36A009521D8 /* Assets.xcassets */ = {isa = PBXFileReference; lastKnownFileType = folder.assetcatalog; path = Assets.xcassets; sourceTree = "<group>"; };
		4B41967F1F3AA36A009521D8 /* Base */ = {isa = PBXFileReference; lastKnownFileType = file.storyboard; name = Base; path = Base.lproj/LaunchScreen.storyboard; sourceTree = "<group>"; };
		4B4196811F3AA36A009521D8 /* Info.plist */ = {isa = PBXFileReference; lastKnownFileType = text.plist.xml; path = Info.plist; sourceTree = "<group>"; };
		4B4196FD1F3AE564009521D8 /* FirstViewController.h */ = {isa = PBXFileReference; fileEncoding = 4; lastKnownFileType = sourcecode.c.h; path = FirstViewController.h; sourceTree = "<group>"; };
		4B4196FE1F3AE564009521D8 /* FirstViewController.m */ = {isa = PBXFileReference; fileEncoding = 4; lastKnownFileType = sourcecode.c.objc; path = FirstViewController.m; sourceTree = "<group>"; };
		4B4197001F3AE67A009521D8 /* FirstView.h */ = {isa = PBXFileReference; fileEncoding = 4; lastKnownFileType = sourcecode.c.h; path = FirstView.h; sourceTree = "<group>"; };
		4B4197011F3AE67A009521D8 /* FirstView.m */ = {isa = PBXFileReference; fileEncoding = 4; lastKnownFileType = sourcecode.c.objc; path = FirstView.m; sourceTree = "<group>"; };
		4B4197031F3AE718009521D8 /* PrefixHeader.pch */ = {isa = PBXFileReference; lastKnownFileType = sourcecode.c.h; path = PrefixHeader.pch; sourceTree = "<group>"; };
		4B4197041F3AEA5E009521D8 /* SecondViewController.h */ = {isa = PBXFileReference; fileEncoding = 4; lastKnownFileType = sourcecode.c.h; path = SecondViewController.h; sourceTree = "<group>"; };
		4B4197051F3AEA5E009521D8 /* SecondViewController.m */ = {isa = PBXFileReference; fileEncoding = 4; lastKnownFileType = sourcecode.c.objc; path = SecondViewController.m; sourceTree = "<group>"; };
		4B4197071F3AEA96009521D8 /* SecondView.h */ = {isa = PBXFileReference; fileEncoding = 4; lastKnownFileType = sourcecode.c.h; path = SecondView.h; sourceTree = "<group>"; };
		4B4197081F3AEA96009521D8 /* SecondView.m */ = {isa = PBXFileReference; fileEncoding = 4; lastKnownFileType = sourcecode.c.objc; path = SecondView.m; sourceTree = "<group>"; };
		4B41970A1F3AF05A009521D8 /* QRCodeScanLine@2x.png */ = {isa = PBXFileReference; lastKnownFileType = image.png; path = "QRCodeScanLine@2x.png"; sourceTree = "<group>"; };
		4B41970C1F3AF93A009521D8 /* ScanCodeViewController.h */ = {isa = PBXFileReference; fileEncoding = 4; lastKnownFileType = sourcecode.c.h; path = ScanCodeViewController.h; sourceTree = "<group>"; };
		4B41970D1F3AF93A009521D8 /* ScanCodeViewController.m */ = {isa = PBXFileReference; fileEncoding = 4; lastKnownFileType = sourcecode.c.objc; path = ScanCodeViewController.m; sourceTree = "<group>"; };
		4B41970F1F3B0ADC009521D8 /* ThirdViewController.h */ = {isa = PBXFileReference; fileEncoding = 4; lastKnownFileType = sourcecode.c.h; path = ThirdViewController.h; sourceTree = "<group>"; };
		4B4197101F3B0ADC009521D8 /* ThirdViewController.m */ = {isa = PBXFileReference; fileEncoding = 4; lastKnownFileType = sourcecode.c.objc; path = ThirdViewController.m; sourceTree = "<group>"; };
		4B4197121F3B0AF1009521D8 /* ThirdView.h */ = {isa = PBXFileReference; fileEncoding = 4; lastKnownFileType = sourcecode.c.h; path = ThirdView.h; sourceTree = "<group>"; };
		4B4197131F3B0AF1009521D8 /* ThirdView.m */ = {isa = PBXFileReference; fileEncoding = 4; lastKnownFileType = sourcecode.c.objc; path = ThirdView.m; sourceTree = "<group>"; };
/* End PBXFileReference section */

/* Begin PBXFrameworksBuildPhase section */
		4B41966A1F3AA36A009521D8 /* Frameworks */ = {
			isa = PBXFrameworksBuildPhase;
			buildActionMask = 2147483647;
			files = (
			);
			runOnlyForDeploymentPostprocessing = 0;
		};
/* End PBXFrameworksBuildPhase section */

/* Begin PBXGroup section */
		4B4196641F3AA36A009521D8 = {
			isa = PBXGroup;
			children = (
				4B41966F1F3AA36A009521D8 /* ScanCodeDemo */,
				4B41966E1F3AA36A009521D8 /* Products */,
			);
			sourceTree = "<group>";
		};
		4B41966E1F3AA36A009521D8 /* Products */ = {
			isa = PBXGroup;
			children = (
				4B41966D1F3AA36A009521D8 /* ScanCodeDemo.app */,
			);
			name = Products;
			sourceTree = "<group>";
		};
		4B41966F1F3AA36A009521D8 /* ScanCodeDemo */ = {
			isa = PBXGroup;
			children = (
				4B4196731F3AA36A009521D8 /* AppDelegate.h */,
				4B4196741F3AA36A009521D8 /* AppDelegate.m */,
				4B4196761F3AA36A009521D8 /* ViewController.h */,
				4B4196771F3AA36A009521D8 /* ViewController.m */,
				4B41970C1F3AF93A009521D8 /* ScanCodeViewController.h */,
				4B41970D1F3AF93A009521D8 /* ScanCodeViewController.m */,
				4B4196FD1F3AE564009521D8 /* FirstViewController.h */,
				4B4196FE1F3AE564009521D8 /* FirstViewController.m */,
				4B4197001F3AE67A009521D8 /* FirstView.h */,
				4B4197011F3AE67A009521D8 /* FirstView.m */,
				4B4197041F3AEA5E009521D8 /* SecondViewController.h */,
				4B4197051F3AEA5E009521D8 /* SecondViewController.m */,
				4B4197071F3AEA96009521D8 /* SecondView.h */,
				4B4197081F3AEA96009521D8 /* SecondView.m */,
				4B41970F1F3B0ADC009521D8 /* ThirdViewController.h */,
				4B4197101F3B0ADC009521D8 /* ThirdViewController.m */,
				4B4197121F3B0AF1009521D8 /* ThirdView.h */,
				4B4197131F3B0AF1009521D8 /* ThirdView.m */,
				4B41970A1F3AF05A009521D8 /* QRCodeScanLine@2x.png */,
				4B4197031F3AE718009521D8 /* PrefixHeader.pch */,
				4B4196791F3AA36A009521D8 /* Main.storyboard */,
				4B41967C1F3AA36A009521D8 /* Assets.xcassets */,
				4B41967E1F3AA36A009521D8 /* LaunchScreen.storyboard */,
				4B4196811F3AA36A009521D8 /* Info.plist */,
				4B4196701F3AA36A009521D8 /* Supporting Files */,
			);
			path = ScanCodeDemo;
			sourceTree = "<group>";
		};
		4B4196701F3AA36A009521D8 /* Supporting Files */ = {
			isa = PBXGroup;
			children = (
				4B4196711F3AA36A009521D8 /* main.m */,
			);
			name = "Supporting Files";
			sourceTree = "<group>";
		};
/* End PBXGroup section */

/* Begin PBXNativeTarget section */
		4B41966C1F3AA36A009521D8 /* ScanCodeDemo */ = {
			isa = PBXNativeTarget;
			buildConfigurationList = 4B4196841F3AA36A009521D8 /* Build configuration list for PBXNativeTarget "ScanCodeDemo" */;
			buildPhases = (
				4B4196691F3AA36A009521D8 /* Sources */,
				4B41966A1F3AA36A009521D8 /* Frameworks */,
				4B41966B1F3AA36A009521D8 /* Resources */,
			);
			buildRules = (
			);
			dependencies = (
			);
			name = ScanCodeDemo;
			productName = ScanCodeDemo;
			productReference = 4B41966D1F3AA36A009521D8 /* ScanCodeDemo.app */;
			productType = "com.apple.product-type.application";
		};
/* End PBXNativeTarget section */

/* Begin PBXProject section */
		4B4196651F3AA36A009521D8 /* Project object */ = {
			isa = PBXProject;
			attributes = {
				LastUpgradeCheck = 0830;
				ORGANIZATIONNAME = chenlishuang;
				TargetAttributes = {
					4B41966C1F3AA36A009521D8 = {
						CreatedOnToolsVersion = 8.3.3;
						DevelopmentTeam = HW7TW2FYE8;
						ProvisioningStyle = Automatic;
					};
				};
			};
			buildConfigurationList = 4B4196681F3AA36A009521D8 /* Build configuration list for PBXProject "ScanCodeDemo" */;
			compatibilityVersion = "Xcode 3.2";
			developmentRegion = English;
			hasScannedForEncodings = 0;
			knownRegions = (
				en,
				Base,
			);
			mainGroup = 4B4196641F3AA36A009521D8;
			productRefGroup = 4B41966E1F3AA36A009521D8 /* Products */;
			projectDirPath = "";
			projectRoot = "";
			targets = (
				4B41966C1F3AA36A009521D8 /* ScanCodeDemo */,
			);
		};
/* End PBXProject section */

/* Begin PBXResourcesBuildPhase section */
		4B41966B1F3AA36A009521D8 /* Resources */ = {
			isa = PBXResourcesBuildPhase;
			buildActionMask = 2147483647;
			files = (
				4B4196801F3AA36A009521D8 /* LaunchScreen.storyboard in Resources */,
				4B41970B1F3AF05A009521D8 /* QRCodeScanLine@2x.png in Resources */,
				4B41967D1F3AA36A009521D8 /* Assets.xcassets in Resources */,
				4B41967B1F3AA36A009521D8 /* Main.storyboard in Resources */,
			);
			runOnlyForDeploymentPostprocessing = 0;
		};
/* End PBXResourcesBuildPhase section */

/* Begin PBXSourcesBuildPhase section */
		4B4196691F3AA36A009521D8 /* Sources */ = {
			isa = PBXSourcesBuildPhase;
			buildActionMask = 2147483647;
			files = (
				4B4197061F3AEA5E009521D8 /* SecondViewController.m in Sources */,
				4B4196781F3AA36A009521D8 /* ViewController.m in Sources */,
				4B4197141F3B0AF1009521D8 /* ThirdView.m in Sources */,
				4B41970E1F3AF93A009521D8 /* ScanCodeViewController.m in Sources */,
				4B4196751F3AA36A009521D8 /* AppDelegate.m in Sources */,
				4B4197021F3AE67A009521D8 /* FirstView.m in Sources */,
				4B4197111F3B0ADC009521D8 /* ThirdViewController.m in Sources */,
				4B4197091F3AEA96009521D8 /* SecondView.m in Sources */,
				4B4196721F3AA36A009521D8 /* main.m in Sources */,
				4B4196FF1F3AE564009521D8 /* FirstViewController.m in Sources */,
			);
			runOnlyForDeploymentPostprocessing = 0;
		};
/* End PBXSourcesBuildPhase section */

/* Begin PBXVariantGroup section */
		4B4196791F3AA36A009521D8 /* Main.storyboard */ = {
			isa = PBXVariantGroup;
			children = (
				4B41967A1F3AA36A009521D8 /* Base */,
			);
			name = Main.storyboard;
			sourceTree = "<group>";
		};
		4B41967E1F3AA36A009521D8 /* LaunchScreen.storyboard */ = {
			isa = PBXVariantGroup;
			children = (
				4B41967F1F3AA36A009521D8 /* Base */,
			);
			name = LaunchScreen.storyboard;
			sourceTree = "<group>";
		};
/* End PBXVariantGroup section */

/* Begin XCBuildConfiguration section */
		4B4196821F3AA36A009521D8 /* Debug */ = {
			isa = XCBuildConfiguration;
			buildSettings = {
				ALWAYS_SEARCH_USER_PATHS = NO;
				CLANG_ANALYZER_NONNULL = YES;
				CLANG_ANALYZER_NUMBER_OBJECT_CONVERSION = YES_AGGRESSIVE;
				CLANG_CXX_LANGUAGE_STANDARD = "gnu++0x";
				CLANG_CXX_LIBRARY = "libc++";
				CLANG_ENABLE_MODULES = YES;
				CLANG_ENABLE_OBJC_ARC = YES;
				CLANG_WARN_BOOL_CONVERSION = YES;
				CLANG_WARN_CONSTANT_CONVERSION = YES;
				CLANG_WARN_DIRECT_OBJC_ISA_USAGE = YES_ERROR;
				CLANG_WARN_DOCUMENTATION_COMMENTS = YES;
				CLANG_WARN_EMPTY_BODY = YES;
				CLANG_WARN_ENUM_CONVERSION = YES;
				CLANG_WARN_INFINITE_RECURSION = YES;
				CLANG_WARN_INT_CONVERSION = YES;
				CLANG_WARN_OBJC_ROOT_CLASS = YES_ERROR;
				CLANG_WARN_SUSPICIOUS_MOVE = YES;
				CLANG_WARN_UNREACHABLE_CODE = YES;
				CLANG_WARN__DUPLICATE_METHOD_MATCH = YES;
				"CODE_SIGN_IDENTITY[sdk=iphoneos*]" = "iPhone Developer";
				COPY_PHASE_STRIP = NO;
				DEBUG_INFORMATION_FORMAT = dwarf;
				ENABLE_STRICT_OBJC_MSGSEND = YES;
				ENABLE_TESTABILITY = YES;
				GCC_C_LANGUAGE_STANDARD = gnu99;
				GCC_DYNAMIC_NO_PIC = NO;
				GCC_NO_COMMON_BLOCKS = YES;
				GCC_OPTIMIZATION_LEVEL = 0;
				GCC_PREPROCESSOR_DEFINITIONS = (
					"DEBUG=1",
					"$(inherited)",
				);
				GCC_WARN_64_TO_32_BIT_CONVERSION = YES;
				GCC_WARN_ABOUT_RETURN_TYPE = YES_ERROR;
				GCC_WARN_UNDECLARED_SELECTOR = YES;
				GCC_WARN_UNINITIALIZED_AUTOS = YES_AGGRESSIVE;
				GCC_WARN_UNUSED_FUNCTION = YES;
				GCC_WARN_UNUSED_VARIABLE = YES;
				IPHONEOS_DEPLOYMENT_TARGET = 10.3;
				MTL_ENABLE_DEBUG_INFO = YES;
				ONLY_ACTIVE_ARCH = YES;
				SDKROOT = iphoneos;
				TARGETED_DEVICE_FAMILY = "1,2";
			};
			name = Debug;
		};
		4B4196831F3AA36A009521D8 /* Release */ = {
			isa = XCBuildConfiguration;
			buildSettings = {
				ALWAYS_SEARCH_USER_PATHS = NO;
				CLANG_ANALYZER_NONNULL = YES;
				CLANG_ANALYZER_NUMBER_OBJECT_CONVERSION = YES_AGGRESSIVE;
				CLANG_CXX_LANGUAGE_STANDARD = "gnu++0x";
				CLANG_CXX_LIBRARY = "libc++";
				CLANG_ENABLE_MODULES = YES;
				CLANG_ENABLE_OBJC_ARC = YES;
				CLANG_WARN_BOOL_CONVERSION = YES;
				CLANG_WARN_CONSTANT_CONVERSION = YES;
				CLANG_WARN_DIRECT_OBJC_ISA_USAGE = YES_ERROR;
				CLANG_WARN_DOCUMENTATION_COMMENTS = YES;
				CLANG_WARN_EMPTY_BODY = YES;
				CLANG_WARN_ENUM_CONVERSION = YES;
				CLANG_WARN_INFINITE_RECURSION = YES;
				CLANG_WARN_INT_CONVERSION = YES;
				CLANG_WARN_OBJC_ROOT_CLASS = YES_ERROR;
				CLANG_WARN_SUSPICIOUS_MOVE = YES;
				CLANG_WARN_UNREACHABLE_CODE = YES;
				CLANG_WARN__DUPLICATE_METHOD_MATCH = YES;
				"CODE_SIGN_IDENTITY[sdk=iphoneos*]" = "iPhone Developer";
				COPY_PHASE_STRIP = NO;
				DEBUG_INFORMATION_FORMAT = "dwarf-with-dsym";
				ENABLE_NS_ASSERTIONS = NO;
				ENABLE_STRICT_OBJC_MSGSEND = YES;
				GCC_C_LANGUAGE_STANDARD = gnu99;
				GCC_NO_COMMON_BLOCKS = YES;
				GCC_WARN_64_TO_32_BIT_CONVERSION = YES;
				GCC_WARN_ABOUT_RETURN_TYPE = YES_ERROR;
				GCC_WARN_UNDECLARED_SELECTOR = YES;
				GCC_WARN_UNINITIALIZED_AUTOS = YES_AGGRESSIVE;
				GCC_WARN_UNUSED_FUNCTION = YES;
				GCC_WARN_UNUSED_VARIABLE = YES;
				IPHONEOS_DEPLOYMENT_TARGET = 10.3;
				MTL_ENABLE_DEBUG_INFO = NO;
				SDKROOT = iphoneos;
				TARGETED_DEVICE_FAMILY = "1,2";
				VALIDATE_PRODUCT = YES;
			};
			name = Release;
		};
		4B4196851F3AA36A009521D8 /* Debug */ = {
			isa = XCBuildConfiguration;
			buildSettings = {
				ASSETCATALOG_COMPILER_APPICON_NAME = AppIcon;
				DEVELOPMENT_TEAM = HW7TW2FYE8;
				GCC_PREFIX_HEADER = ScanCodeDemo/PrefixHeader.pch;
				INFOPLIST_FILE = ScanCodeDemo/Info.plist;
				IPHONEOS_DEPLOYMENT_TARGET = 8.0;
				LD_RUNPATH_SEARCH_PATHS = "$(inherited) @executable_path/Frameworks";
				PRODUCT_BUNDLE_IDENTIFIER = "-23.ScanCodeDemo";
				PRODUCT_NAME = "$(TARGET_NAME)";
			};
			name = Debug;
		};
		4B4196861F3AA36A009521D8 /* Release */ = {
			isa = XCBuildConfiguration;
			buildSettings = {
				ASSETCATALOG_COMPILER_APPICON_NAME = AppIcon;
				DEVELOPMENT_TEAM = HW7TW2FYE8;
				GCC_PREFIX_HEADER = ScanCodeDemo/PrefixHeader.pch;
				INFOPLIST_FILE = ScanCodeDemo/Info.plist;
				IPHONEOS_DEPLOYMENT_TARGET = 8.0;
				LD_RUNPATH_SEARCH_PATHS = "$(inherited) @executable_path/Frameworks";
				PRODUCT_BUNDLE_IDENTIFIER = "-23.ScanCodeDemo";
				PRODUCT_NAME = "$(TARGET_NAME)";
			};
			name = Release;
		};
/* End XCBuildConfiguration section */

/* Begin XCConfigurationList section */
		4B4196681F3AA36A009521D8 /* Build configuration list for PBXProject "ScanCodeDemo" */ = {
			isa = XCConfigurationList;
			buildConfigurations = (
				4B4196821F3AA36A009521D8 /* Debug */,
				4B4196831F3AA36A009521D8 /* Release */,
			);
			defaultConfigurationIsVisible = 0;
			defaultConfigurationName = Release;
		};
		4B4196841F3AA36A009521D8 /* Build configuration list for PBXNativeTarget "ScanCodeDemo" */ = {
			isa = XCConfigurationList;
			buildConfigurations = (
				4B4196851F3AA36A009521D8 /* Debug */,
				4B4196861F3AA36A009521D8 /* Release */,
			);
			defaultConfigurationIsVisible = 0;
			defaultConfigurationName = Release;
		};
/* End XCConfigurationList section */
	};
	rootObject = 4B4196651F3AA36A009521D8 /* Project object */;
}
